Microsoft Visual Studio Solution File, Format Version 11.00
# Visual Studio 2008

Project("{DFCEE45E-F38B-FE84-74FE-853D7F3A956E}") = "PrototypeTD", "Assembly-CSharp-vs.csproj", "{A7B5BC37-66E8-0DD1-B0DF-89C0BFEBC011}"
EndProject
Global
	GlobalSection(SolutionConfigurationPlatforms) = preSolution
		Debug|Any CPU = Debug|Any CPU
		Release|Any CPU = Release|Any CPU
	EndGlobalSection
	GlobalSection(ProjectConfigurationPlatforms) = postSolution
		{A7B5BC37-66E8-0DD1-B0DF-89C0BFEBC011}.Debug|Any CPU.ActiveCfg = Debug|Any CPU
		{A7B5BC37-66E8-0DD1-B0DF-89C0BFEBC011}.Debug|Any CPU.Build.0 = Debug|Any CPU
		{A7B5BC37-66E8-0DD1-B0DF-89C0BFEBC011}.Release|Any CPU.ActiveCfg = Release|Any CPU
		{A7B5BC37-66E8-0DD1-B0DF-89C0BFEBC011}.Release|Any CPU.Build.0 = Release|Any CPU
	EndGlobalSection
	GlobalSection(SolutionProperties) = preSolution
		HideSolutionNode = FALSE
	EndGlobalSection
						GlobalSection(MonoDevelopProperties) = preSolution
		StartupItem = Assembly-CSharp.csproj
		Policies = $0
		$0.TextStylePolicy = $1
		$1.inheritsSet = null
		$1.scope = text/x-csharp
		$0.CSharpFormattingPolicy = $2
		$2.inheritsSet = Mono
		$2.inheritsScope = text/x-csharp
		$2.scope = text/x-csharp
		$0.TextStylePolicy = $3
		$3.FileWidth = 120
		$3.TabWidth = 4
		$3.IndentWidth = 4
		$3.EolMarker = Unix
		$3.inheritsSet = Mono
		$3.inheritsScope = text/plain
		$3.scope = text/plain
	EndGlobalSection

EndGlobal
